// !$*UTF8*$!
{
	archiveVersion = 1;
	classes = {
	};
	objectVersion = 50;
	objects = {

/* Begin PBXBuildFile section */
		120ACE8D24713F4E00D9783E /* AppDelegate.m in Sources */ = {isa = PBXBuildFile; fileRef = 120ACE8C24713F4E00D9783E /* AppDelegate.m */; };
		120ACE9024713F4E00D9783E /* SceneDelegate.m in Sources */ = {isa = PBXBuildFile; fileRef = 120ACE8F24713F4E00D9783E /* SceneDelegate.m */; };
		120ACE9324713F4E00D9783E /* ViewController.m in Sources */ = {isa = PBXBuildFile; fileRef = 120ACE9224713F4E00D9783E /* ViewController.m */; };
		120ACE9624713F4E00D9783E /* Main.storyboard in Resources */ = {isa = PBXBuildFile; fileRef = 120ACE9424713F4E00D9783E /* Main.storyboard */; };
		120ACE9824713F5100D9783E /* Assets.xcassets in Resources */ = {isa = PBXBuildFile; fileRef = 120ACE9724713F5100D9783E /* Assets.xcassets */; };
		120ACE9B24713F5100D9783E /* LaunchScreen.storyboard in Resources */ = {isa = PBXBuildFile; fileRef = 120ACE9924713F5100D9783E /* LaunchScreen.storyboard */; };
		120ACE9E24713F5100D9783E /* main.m in Sources */ = {isa = PBXBuildFile; fileRef = 120ACE9D24713F5100D9783E /* main.m */; };
		25EAD5679C5FC35FCCF625C6 /* Pods_Matrix.framework in Frameworks */ = {isa = PBXBuildFile; fileRef = 3D6C50A7BD3AA5896D81F076 /* Pods_Matrix.framework */; };
/* End PBXBuildFile section */

/* Begin PBXFileReference section */
		120ACE8824713F4E00D9783E /* Matrix.app */ = {isa = PBXFileReference; explicitFileType = wrapper.application; includeInIndex = 0; path = Matrix.app; sourceTree = BUILT_PRODUCTS_DIR; };
		120ACE8B24713F4E00D9783E /* AppDelegate.h */ = {isa = PBXFileReference; lastKnownFileType = sourcecode.c.h; path = AppDelegate.h; sourceTree = "<group>"; };
		120ACE8C24713F4E00D9783E /* AppDelegate.m */ = {isa = PBXFileReference; lastKnownFileType = sourcecode.c.objc; path = AppDelegate.m; sourceTree = "<group>"; };
		120ACE8E24713F4E00D9783E /* SceneDelegate.h */ = {isa = PBXFileReference; lastKnownFileType = sourcecode.c.h; path = SceneDelegate.h; sourceTree = "<group>"; };
		120ACE8F24713F4E00D9783E /* SceneDelegate.m */ = {isa = PBXFileReference; lastKnownFileType = sourcecode.c.objc; path = SceneDelegate.m; sourceTree = "<group>"; };
		120ACE9124713F4E00D9783E /* ViewController.h */ = {isa = PBXFileReference; lastKnownFileType = sourcecode.c.h; path = ViewController.h; sourceTree = "<group>"; };
		120ACE9224713F4E00D9783E /* ViewController.m */ = {isa = PBXFileReference; lastKnownFileType = sourcecode.c.objc; path = ViewController.m; sourceTree = "<group>"; };
		120ACE9524713F4E00D9783E /* Base */ = {isa = PBXFileReference; lastKnownFileType = file.storyboard; name = Base; path = Base.lproj/Main.storyboard; sourceTree = "<group>"; };
		120ACE9724713F5100D9783E /* Assets.xcassets */ = {isa = PBXFileReference; lastKnownFileType = folder.assetcatalog; path = Assets.xcassets; sourceTree = "<group>"; };
		120ACE9A24713F5100D9783E /* Base */ = {isa = PBXFileReference; lastKnownFileType = file.storyboard; name = Base; path = Base.lproj/LaunchScreen.storyboard; sourceTree = "<group>"; };
		120ACE9C24713F5100D9783E /* Info.plist */ = {isa = PBXFileReference; lastKnownFileType = text.plist.xml; path = Info.plist; sourceTree = "<group>"; };
		120ACE9D24713F5100D9783E /* main.m */ = {isa = PBXFileReference; lastKnownFileType = sourcecode.c.objc; path = main.m; sourceTree = "<group>"; };
		3D6C50A7BD3AA5896D81F076 /* Pods_Matrix.framework */ = {isa = PBXFileReference; explicitFileType = wrapper.framework; includeInIndex = 0; path = Pods_Matrix.framework; sourceTree = BUILT_PRODUCTS_DIR; };
		5C230F884C410FF412EDCA26 /* Pods-Matrix.debug.xcconfig */ = {isa = PBXFileReference; includeInIndex = 1; lastKnownFileType = text.xcconfig; name = "Pods-Matrix.debug.xcconfig"; path = "Target Support Files/Pods-Matrix/Pods-Matrix.debug.xcconfig"; sourceTree = "<group>"; };
		7A9782E8FE7AFAEE3645C251 /* Pods-Matrix.release.xcconfig */ = {isa = PBXFileReference; includeInIndex = 1; lastKnownFileType = text.xcconfig; name = "Pods-Matrix.release.xcconfig"; path = "Target Support Files/Pods-Matrix/Pods-Matrix.release.xcconfig"; sourceTree = "<group>"; };
/* End PBXFileReference section */

/* Begin PBXFrameworksBuildPhase section */
		120ACE8524713F4E00D9783E /* Frameworks */ = {
			isa = PBXFrameworksBuildPhase;
			buildActionMask = 2147483647;
			files = (
				25EAD5679C5FC35FCCF625C6 /* Pods_Matrix.framework in Frameworks */,
			);
			runOnlyForDeploymentPostprocessing = 0;
		};
/* End PBXFrameworksBuildPhase section */

/* Begin PBXGroup section */
		120ACE7F24713F4D00D9783E = {
			isa = PBXGroup;
			children = (
				120ACE8A24713F4E00D9783E /* Matrix */,
				120ACE8924713F4E00D9783E /* Products */,
				AB089EB1BB4A796ED40733CB /* Pods */,
				532D82AEE95819A1A89B4D6B /* Frameworks */,
			);
			sourceTree = "<group>";
		};
		120ACE8924713F4E00D9783E /* Products */ = {
			isa = PBXGroup;
			children = (
				120ACE8824713F4E00D9783E /* Matrix.app */,
			);
			name = Products;
			sourceTree = "<group>";
		};
		120ACE8A24713F4E00D9783E /* Matrix */ = {
			isa = PBXGroup;
			children = (
				120ACE8B24713F4E00D9783E /* AppDelegate.h */,
				120ACE8C24713F4E00D9783E /* AppDelegate.m */,
				120ACE8E24713F4E00D9783E /* SceneDelegate.h */,
				120ACE8F24713F4E00D9783E /* SceneDelegate.m */,
				120ACE9124713F4E00D9783E /* ViewController.h */,
				120ACE9224713F4E00D9783E /* ViewController.m */,
				120ACE9424713F4E00D9783E /* Main.storyboard */,
				120ACE9724713F5100D9783E /* Assets.xcassets */,
				120ACE9924713F5100D9783E /* LaunchScreen.storyboard */,
				120ACE9C24713F5100D9783E /* Info.plist */,
				120ACE9D24713F5100D9783E /* main.m */,
			);
			path = Matrix;
			sourceTree = "<group>";
		};
		532D82AEE95819A1A89B4D6B /* Frameworks */ = {
			isa = PBXGroup;
			children = (
				3D6C50A7BD3AA5896D81F076 /* Pods_Matrix.framework */,
			);
			name = Frameworks;
			sourceTree = "<group>";
		};
		AB089EB1BB4A796ED40733CB /* Pods */ = {
			isa = PBXGroup;
			children = (
				5C230F884C410FF412EDCA26 /* Pods-Matrix.debug.xcconfig */,
				7A9782E8FE7AFAEE3645C251 /* Pods-Matrix.release.xcconfig */,
			);
			name = Pods;
			path = Pods;
			sourceTree = "<group>";
		};
/* End PBXGroup section */

/* Begin PBXNativeTarget section */
		120ACE8724713F4E00D9783E /* Matrix */ = {
			isa = PBXNativeTarget;
			buildConfigurationList = 120ACEA124713F5100D9783E /* Build configuration list for PBXNativeTarget "Matrix" */;
			buildPhases = (
				7CA161E58B46E22D1BD6887A /* [CP] Check Pods Manifest.lock */,
				120ACE8424713F4E00D9783E /* Sources */,
				120ACE8524713F4E00D9783E /* Frameworks */,
				120ACE8624713F4E00D9783E /* Resources */,
				DA355C42261E30220325D700 /* [CP] Embed Pods Frameworks */,
			);
			buildRules = (
			);
			dependencies = (
			);
			name = Matrix;
			productName = Matrix;
			productReference = 120ACE8824713F4E00D9783E /* Matrix.app */;
			productType = "com.apple.product-type.application";
		};
/* End PBXNativeTarget section */

/* Begin PBXProject section */
		120ACE8024713F4D00D9783E /* Project object */ = {
			isa = PBXProject;
			attributes = {
				LastUpgradeCheck = 1130;
				ORGANIZATIONNAME = MTF;
				TargetAttributes = {
					120ACE8724713F4E00D9783E = {
						CreatedOnToolsVersion = 11.3;
					};
				};
			};
			buildConfigurationList = 120ACE8324713F4D00D9783E /* Build configuration list for PBXProject "Matrix" */;
			compatibilityVersion = "Xcode 9.3";
			developmentRegion = en;
			hasScannedForEncodings = 0;
			knownRegions = (
				en,
				Base,
			);
			mainGroup = 120ACE7F24713F4D00D9783E;
			productRefGroup = 120ACE8924713F4E00D9783E /* Products */;
			projectDirPath = "";
			projectRoot = "";
			targets = (
				120ACE8724713F4E00D9783E /* Matrix */,
			);
		};
/* End PBXProject section */

/* Begin PBXResourcesBuildPhase section */
		120ACE8624713F4E00D9783E /* Resources */ = {
			isa = PBXResourcesBuildPhase;
			buildActionMask = 2147483647;
			files = (
				120ACE9B24713F5100D9783E /* LaunchScreen.storyboard in Resources */,
				120ACE9824713F5100D9783E /* Assets.xcassets in Resources */,
				120ACE9624713F4E00D9783E /* Main.storyboard in Resources */,
			);
			runOnlyForDeploymentPostprocessing = 0;
		};
/* End PBXResourcesBuildPhase section */

/* Begin PBXShellScriptBuildPhase section */
		7CA161E58B46E22D1BD6887A /* [CP] Check Pods Manifest.lock */ = {
			isa = PBXShellScriptBuildPhase;
			buildActionMask = 2147483647;
			files = (
			);
			inputFileListPaths = (
			);
			inputPaths = (
				"${PODS_PODFILE_DIR_PATH}/Podfile.lock",
				"${PODS_ROOT}/Manifest.lock",
			);
			name = "[CP] Check Pods Manifest.lock";
			outputFileListPaths = (
			);
			outputPaths = (
				"$(DERIVED_FILE_DIR)/Pods-Matrix-checkManifestLockResult.txt",
			);
			runOnlyForDeploymentPostprocessing = 0;
			shellPath = /bin/sh;
			shellScript = "diff \"${PODS_PODFILE_DIR_PATH}/Podfile.lock\" \"${PODS_ROOT}/Manifest.lock\" > /dev/null\nif [ $? != 0 ] ; then\n    # print error to STDERR\n    echo \"error: The sandbox is not in sync with the Podfile.lock. Run 'pod install' or update your CocoaPods installation.\" >&2\n    exit 1\nfi\n# This output is used by Xcode 'outputs' to avoid re-running this script phase.\necho \"SUCCESS\" > \"${SCRIPT_OUTPUT_FILE_0}\"\n";
			showEnvVarsInLog = 0;
		};
		DA355C42261E30220325D700 /* [CP] Embed Pods Frameworks */ = {
			isa = PBXShellScriptBuildPhase;
			buildActionMask = 2147483647;
			files = (
			);
			inputFileListPaths = (
				"${PODS_ROOT}/Target Support Files/Pods-Matrix/Pods-Matrix-frameworks-${CONFIGURATION}-input-files.xcfilelist",
			);
			name = "[CP] Embed Pods Frameworks";
			outputFileListPaths = (
				"${PODS_ROOT}/Target Support Files/Pods-Matrix/Pods-Matrix-frameworks-${CONFIGURATION}-output-files.xcfilelist",
			);
			runOnlyForDeploymentPostprocessing = 0;
			shellPath = /bin/sh;
			shellScript = "\"${PODS_ROOT}/Target Support Files/Pods-Matrix/Pods-Matrix-frameworks.sh\"\n";
			showEnvVarsInLog = 0;
		};
/* End PBXShellScriptBuildPhase section */

/* Begin PBXSourcesBuildPhase section */
		120ACE8424713F4E00D9783E /* Sources */ = {
			isa = PBXSourcesBuildPhase;
			buildActionMask = 2147483647;
			files = (
				120ACE9324713F4E00D9783E /* ViewController.m in Sources */,
				120ACE8D24713F4E00D9783E /* AppDelegate.m in Sources */,
				120ACE9E24713F5100D9783E /* main.m in Sources */,
				120ACE9024713F4E00D9783E /* SceneDelegate.m in Sources */,
			);
			runOnlyForDeploymentPostprocessing = 0;
		};
/* End PBXSourcesBuildPhase section */

/* Begin PBXVariantGroup section */
		120ACE9424713F4E00D9783E /* Main.storyboard */ = {
			isa = PBXVariantGroup;
			children = (
				120ACE9524713F4E00D9783E /* Base */,
			);
			name = Main.storyboard;
			sourceTree = "<group>";
		};
		120ACE9924713F5100D9783E /* LaunchScreen.storyboard */ = {
			isa = PBXVariantGroup;
			children = (
				120ACE9A24713F5100D9783E /* Base */,
			);
			name = LaunchScreen.storyboard;
			sourceTree = "<group>";
		};
/* End PBXVariantGroup section */

/* Begin XCBuildConfiguration section */
		120ACE9F24713F5100D9783E /* Debug */ = {
			isa = XCBuildConfiguration;
			buildSettings = {
				ALWAYS_SEARCH_USER_PATHS = NO;
				CLANG_ANALYZER_NONNULL = YES;
				CLANG_ANALYZER_NUMBER_OBJECT_CONVERSION = YES_AGGRESSIVE;
				CLANG_CXX_LANGUAGE_STANDARD = "gnu++14";
				CLANG_CXX_LIBRARY = "libc++";
				CLANG_ENABLE_MODULES = YES;
				CLANG_ENABLE_OBJC_ARC = YES;
				CLANG_ENABLE_OBJC_WEAK = YES;
				CLANG_WARN_BLOCK_CAPTURE_AUTORELEASING = YES;
				CLANG_WARN_BOOL_CONVERSION = YES;
				CLANG_WARN_COMMA = YES;
				CLANG_WARN_CONSTANT_CONVERSION = YES;
				CLANG_WARN_DEPRECATED_OBJC_IMPLEMENTATIONS = YES;
				CLANG_WARN_DIRECT_OBJC_ISA_USAGE = YES_ERROR;
				CLANG_WARN_DOCUMENTATION_COMMENTS = YES;
				CLANG_WARN_EMPTY_BODY = YES;
				CLANG_WARN_ENUM_CONVERSION = YES;
				CLANG_WARN_INFINITE_RECURSION = YES;
				CLANG_WARN_INT_CONVERSION = YES;
				CLANG_WARN_NON_LITERAL_NULL_CONVERSION = YES;
				CLANG_WARN_OBJC_IMPLICIT_RETAIN_SELF = YES;
				CLANG_WARN_OBJC_LITERAL_CONVERSION = YES;
				CLANG_WARN_OBJC_ROOT_CLASS = YES_ERROR;
				CLANG_WARN_RANGE_LOOP_ANALYSIS = YES;
				CLANG_WARN_STRICT_PROTOTYPES = YES;
				CLANG_WARN_SUSPICIOUS_MOVE = YES;
				CLANG_WARN_UNGUARDED_AVAILABILITY = YES_AGGRESSIVE;
				CLANG_WARN_UNREACHABLE_CODE = YES;
				CLANG_WARN__DUPLICATE_METHOD_MATCH = YES;
				COPY_PHASE_STRIP = NO;
				DEBUG_INFORMATION_FORMAT = dwarf;
				ENABLE_STRICT_OBJC_MSGSEND = YES;
				ENABLE_TESTABILITY = YES;
				GCC_C_LANGUAGE_STANDARD = gnu11;
				GCC_DYNAMIC_NO_PIC = NO;
				GCC_NO_COMMON_BLOCKS = YES;
				GCC_OPTIMIZATION_LEVEL = 0;
				GCC_PREPROCESSOR_DEFINITIONS = (
					"DEBUG=1",
					"$(inherited)",
				);
				GCC_WARN_64_TO_32_BIT_CONVERSION = YES;
				GCC_WARN_ABOUT_RETURN_TYPE = YES_ERROR;
				GCC_WARN_UNDECLARED_SELECTOR = YES;
				GCC_WARN_UNINITIALIZED_AUTOS = YES_AGGRESSIVE;
				GCC_WARN_UNUSED_FUNCTION = YES;
				GCC_WARN_UNUSED_VARIABLE = YES;
				IPHONEOS_DEPLOYMENT_TARGET = 9.0;
				MTL_ENABLE_DEBUG_INFO = INCLUDE_SOURCE;
				MTL_FAST_MATH = YES;
				ONLY_ACTIVE_ARCH = YES;
				SDKROOT = iphoneos;
			};
			name = Debug;
		};
		120ACEA024713F5100D9783E /* Release */ = {
			isa = XCBuildConfiguration;
			buildSettings = {
				ALWAYS_SEARCH_USER_PATHS = NO;
				CLANG_ANALYZER_NONNULL = YES;
				CLANG_ANALYZER_NUMBER_OBJECT_CONVERSION = YES_AGGRESSIVE;
				CLANG_CXX_LANGUAGE_STANDARD = "gnu++14";
				CLANG_CXX_LIBRARY = "libc++";
				CLANG_ENABLE_MODULES = YES;
				CLANG_ENABLE_OBJC_ARC = YES;
				CLANG_ENABLE_OBJC_WEAK = YES;
				CLANG_WARN_BLOCK_CAPTURE_AUTORELEASING = YES;
				CLANG_WARN_BOOL_CONVERSION = YES;
				CLANG_WARN_COMMA = YES;
				CLANG_WARN_CONSTANT_CONVERSION = YES;
				CLANG_WARN_DEPRECATED_OBJC_IMPLEMENTATIONS = YES;
				CLANG_WARN_DIRECT_OBJC_ISA_USAGE = YES_ERROR;
				CLANG_WARN_DOCUMENTATION_COMMENTS = YES;
				CLANG_WARN_EMPTY_BODY = YES;
				CLANG_WARN_ENUM_CONVERSION = YES;
				CLANG_WARN_INFINITE_RECURSION = YES;
				CLANG_WARN_INT_CONVERSION = YES;
				CLANG_WARN_NON_LITERAL_NULL_CONVERSION = YES;
				CLANG_WARN_OBJC_IMPLICIT_RETAIN_SELF = YES;
				CLANG_WARN_OBJC_LITERAL_CONVERSION = YES;
				CLANG_WARN_OBJC_ROOT_CLASS = YES_ERROR;
				CLANG_WARN_RANGE_LOOP_ANALYSIS = YES;
				CLANG_WARN_STRICT_PROTOTYPES = YES;
				CLANG_WARN_SUSPICIOUS_MOVE = YES;
				CLANG_WARN_UNGUARDED_AVAILABILITY = YES_AGGRESSIVE;
				CLANG_WARN_UNREACHABLE_CODE = YES;
				CLANG_WARN__DUPLICATE_METHOD_MATCH = YES;
				COPY_PHASE_STRIP = NO;
				DEBUG_INFORMATION_FORMAT = "dwarf-with-dsym";
				ENABLE_NS_ASSERTIONS = NO;
				ENABLE_STRICT_OBJC_MSGSEND = YES;
				GCC_C_LANGUAGE_STANDARD = gnu11;
				GCC_NO_COMMON_BLOCKS = YES;
				GCC_WARN_64_TO_32_BIT_CONVERSION = YES;
				GCC_WARN_ABOUT_RETURN_TYPE = YES_ERROR;
				GCC_WARN_UNDECLARED_SELECTOR = YES;
				GCC_WARN_UNINITIALIZED_AUTOS = YES_AGGRESSIVE;
				GCC_WARN_UNUSED_FUNCTION = YES;
				GCC_WARN_UNUSED_VARIABLE = YES;
				IPHONEOS_DEPLOYMENT_TARGET = 9.0;
				MTL_ENABLE_DEBUG_INFO = NO;
				MTL_FAST_MATH = YES;
				SDKROOT = iphoneos;
				VALIDATE_PRODUCT = YES;
			};
			name = Release;
		};
		120ACEA224713F5100D9783E /* Debug */ = {
			isa = XCBuildConfiguration;
			baseConfigurationReference = 5C230F884C410FF412EDCA26 /* Pods-Matrix.debug.xcconfig */;
			buildSettings = {
				ASSETCATALOG_COMPILER_APPICON_NAME = AppIcon;
				CODE_SIGN_STYLE = Automatic;
				DEVELOPMENT_TEAM = UG3D45G673;
				INFOPLIST_FILE = Matrix/Info.plist;
				LD_RUNPATH_SEARCH_PATHS = (
					"$(inherited)",
					"@executable_path/Frameworks",
				);
				PRODUCT_BUNDLE_IDENTIFIER = com.company.Matrix;
				PRODUCT_NAME = "$(TARGET_NAME)";
				TARGETED_DEVICE_FAMILY = "1,2";
			};
			name = Debug;
		};
		120ACEA324713F5100D9783E /* Release */ = {
			isa = XCBuildConfiguration;
			baseConfigurationReference = 7A9782E8FE7AFAEE3645C251 /* Pods-Matrix.release.xcconfig */;
			buildSettings = {
				ASSETCATALOG_COMPILER_APPICON_NAME = AppIcon;
				CODE_SIGN_STYLE = Automatic;
				DEVELOPMENT_TEAM = UG3D45G673;
				INFOPLIST_FILE = Matrix/Info.plist;
				LD_RUNPATH_SEARCH_PATHS = (
					"$(inherited)",
					"@executable_path/Frameworks",
				);
				PRODUCT_BUNDLE_IDENTIFIER = com.company.Matrix;
				PRODUCT_NAME = "$(TARGET_NAME)";
				TARGETED_DEVICE_FAMILY = "1,2";
			};
			name = Release;
		};
/* End XCBuildConfiguration section */

/* Begin XCConfigurationList section */
		120ACE8324713F4D00D9783E /* Build configuration list for PBXProject "Matrix" */ = {
			isa = XCConfigurationList;
			buildConfigurations = (
				120ACE9F24713F5100D9783E /* Debug */,
				120ACEA024713F5100D9783E /* Release */,
			);
			defaultConfigurationIsVisible = 0;
			defaultConfigurationName = Release;
		};
		120ACEA124713F5100D9783E /* Build configuration list for PBXNativeTarget "Matrix" */ = {
			isa = XCConfigurationList;
			buildConfigurations = (
				120ACEA224713F5100D9783E /* Debug */,
				120ACEA324713F5100D9783E /* Release */,
			);
			defaultConfigurationIsVisible = 0;
			defaultConfigurationName = Release;
		};
/* End XCConfigurationList section */
	};
	rootObject = 120ACE8024713F4D00D9783E /* Project object */;
}
